
Microsoft Visual Studio Solution File, Format Version 12.00
# Visual Studio Version 17
VisualStudioVersion = 17.4.33110.190
MinimumVisualStudioVersion = 10.0.40219.1
Project("{9A19103F-16F7-4668-BE54-9A1E7A4F7556}") = "Boro.EntityFramework", "Boro.EntityFramework\Boro.EntityFramework.csproj", "{99F4F9D6-6BFF-4264-9B22-BD048583BD18}"
EndProject
Project("{9A19103F-16F7-4668-BE54-9A1E7A4F7556}") = "Boro.App", "Boro.App\Boro.App.csproj", "{96FD8734-4F6C-48C6-80D5-B5BE76517697}"
EndProject
Project("{9A19103F-16F7-4668-BE54-9A1E7A4F7556}") = "Boro.Logging", "Boro.Logging\Boro.Logging.csproj", "{BD630DEF-42F1-4D47-B3F5-346AF9218B73}"
EndProject
Project("{9A19103F-16F7-4668-BE54-9A1E7A4F7556}") = "ItemService.API", "ItemService\ItemService.API\ItemService.API.csproj", "{E54EC395-61C8-46EC-9691-599DEC0DB063}"
EndProject
Project("{9A19103F-16F7-4668-BE54-9A1E7A4F7556}") = "ItemService.Controller", "ItemService\ItemService.Controller\ItemService.Controller.csproj", "{FCB852B1-B477-4CC9-AD9F-00560BE5C237}"
EndProject
Project("{9A19103F-16F7-4668-BE54-9A1E7A4F7556}") = "ItemService.DB", "ItemService\ItemService.DB\ItemService.DB.csproj", "{716A030B-92D9-44BF-8680-D3578D52FB8C}"
EndProject
Project("{2150E333-8FDC-42A3-9474-1A3956D46DE8}") = "ItemService", "ItemService", "{5CD68A46-04BA-43DC-87AF-AC4CAC759F9C}"
EndProject
Project("{9A19103F-16F7-4668-BE54-9A1E7A4F7556}") = "Boro.AppBuilder", "Boro.AppBuilder\Boro.AppBuilder.csproj", "{BE64FA2A-B172-4274-972F-8312ACE53B88}"
EndProject
Project("{2150E333-8FDC-42A3-9474-1A3956D46DE8}") = "ReservationsService", "ReservationsService", "{D99D365F-2C22-4390-AED3-D13FF426A6C5}"
EndProject
Project("{9A19103F-16F7-4668-BE54-9A1E7A4F7556}") = "ReservationsService.API", "ReservationsService\ReservationsService.API\ReservationsService.API.csproj", "{123BD5BD-CCE9-42FA-8E14-F7D99DAB767C}"
EndProject
Project("{9A19103F-16F7-4668-BE54-9A1E7A4F7556}") = "ReservationsService.Controller", "ReservationsService\ReservationsService.Controller\ReservationsService.Controller.csproj", "{71DF9D45-92A2-4066-9674-09F31B4DF074}"
EndProject
Project("{9A19103F-16F7-4668-BE54-9A1E7A4F7556}") = "ReservationsService.DB", "ReservationsService\ReservationsService.DB\ReservationsService.DB.csproj", "{2A7F6B5D-9128-4672-83EF-AA295674436A}"
EndProject
Project("{9A19103F-16F7-4668-BE54-9A1E7A4F7556}") = "Boro.UnitTests", "Boro.UnitTests\Boro.UnitTests.csproj", "{70A0B88B-6661-457B-AEAD-C78649A01297}"
EndProject
Project("{9A19103F-16F7-4668-BE54-9A1E7A4F7556}") = "Boro.Validations", "Boro.Validations\Boro.Validations.csproj", "{9A12242D-FC24-4144-832F-2E65C5915A4E}"
EndProject
Project("{9A19103F-16F7-4668-BE54-9A1E7A4F7556}") = "Boro.Facebook", "Boro.Facebook\Boro.Facebook.csproj", "{794C309B-FB27-4622-A9DC-1C901B29C978}"
EndProject
Project("{2150E333-8FDC-42A3-9474-1A3956D46DE8}") = "UserService", "UserService", "{F64C86E0-8D24-4AB3-86B7-48F103FBDE04}"
EndProject
Project("{9A19103F-16F7-4668-BE54-9A1E7A4F7556}") = "UserService.API", "UserService\UserService.API\UserService.API.csproj", "{30D2E537-3F55-41F3-B028-C4B70BF372C1}"
EndProject
Project("{9A19103F-16F7-4668-BE54-9A1E7A4F7556}") = "UserService.Controller", "UserService\UserService.Controller\UserService.Controller.csproj", "{5AE17E4C-5684-4D8C-8D78-1CBB7DA537B2}"
EndProject
Project("{9A19103F-16F7-4668-BE54-9A1E7A4F7556}") = "UserService.DB", "UserService\UserService.DB\UserService.DB.csproj", "{EB304131-8D7B-4B1A-A182-6EE49AF94A38}"
EndProject
Project("{FAE04EC0-301F-11D3-BF4B-00C04F79EFBC}") = "Boro.Common", "Boro.Common\Boro.Common.csproj", "{D0FD119A-49B7-4E51-88C2-6D400359E539}"
EndProject
Global
	GlobalSection(SolutionConfigurationPlatforms) = preSolution
		Debug|Any CPU = Debug|Any CPU
		Release|Any CPU = Release|Any CPU
	EndGlobalSection
	GlobalSection(ProjectConfigurationPlatforms) = postSolution
		{99F4F9D6-6BFF-4264-9B22-BD048583BD18}.Debug|Any CPU.ActiveCfg = Debug|Any CPU
		{99F4F9D6-6BFF-4264-9B22-BD048583BD18}.Debug|Any CPU.Build.0 = Debug|Any CPU
		{99F4F9D6-6BFF-4264-9B22-BD048583BD18}.Release|Any CPU.ActiveCfg = Release|Any CPU
		{99F4F9D6-6BFF-4264-9B22-BD048583BD18}.Release|Any CPU.Build.0 = Release|Any CPU
		{96FD8734-4F6C-48C6-80D5-B5BE76517697}.Debug|Any CPU.ActiveCfg = Debug|Any CPU
		{96FD8734-4F6C-48C6-80D5-B5BE76517697}.Debug|Any CPU.Build.0 = Debug|Any CPU
		{96FD8734-4F6C-48C6-80D5-B5BE76517697}.Release|Any CPU.ActiveCfg = Release|Any CPU
		{96FD8734-4F6C-48C6-80D5-B5BE76517697}.Release|Any CPU.Build.0 = Release|Any CPU
		{BD630DEF-42F1-4D47-B3F5-346AF9218B73}.Debug|Any CPU.ActiveCfg = Debug|Any CPU
		{BD630DEF-42F1-4D47-B3F5-346AF9218B73}.Debug|Any CPU.Build.0 = Debug|Any CPU
		{BD630DEF-42F1-4D47-B3F5-346AF9218B73}.Release|Any CPU.ActiveCfg = Release|Any CPU
		{BD630DEF-42F1-4D47-B3F5-346AF9218B73}.Release|Any CPU.Build.0 = Release|Any CPU
		{E54EC395-61C8-46EC-9691-599DEC0DB063}.Debug|Any CPU.ActiveCfg = Debug|Any CPU
		{E54EC395-61C8-46EC-9691-599DEC0DB063}.Debug|Any CPU.Build.0 = Debug|Any CPU
		{E54EC395-61C8-46EC-9691-599DEC0DB063}.Release|Any CPU.ActiveCfg = Release|Any CPU
		{E54EC395-61C8-46EC-9691-599DEC0DB063}.Release|Any CPU.Build.0 = Release|Any CPU
		{FCB852B1-B477-4CC9-AD9F-00560BE5C237}.Debug|Any CPU.ActiveCfg = Debug|Any CPU
		{FCB852B1-B477-4CC9-AD9F-00560BE5C237}.Debug|Any CPU.Build.0 = Debug|Any CPU
		{FCB852B1-B477-4CC9-AD9F-00560BE5C237}.Release|Any CPU.ActiveCfg = Release|Any CPU
		{FCB852B1-B477-4CC9-AD9F-00560BE5C237}.Release|Any CPU.Build.0 = Release|Any CPU
		{716A030B-92D9-44BF-8680-D3578D52FB8C}.Debug|Any CPU.ActiveCfg = Debug|Any CPU
		{716A030B-92D9-44BF-8680-D3578D52FB8C}.Debug|Any CPU.Build.0 = Debug|Any CPU
		{716A030B-92D9-44BF-8680-D3578D52FB8C}.Release|Any CPU.ActiveCfg = Release|Any CPU
		{716A030B-92D9-44BF-8680-D3578D52FB8C}.Release|Any CPU.Build.0 = Release|Any CPU
		{BE64FA2A-B172-4274-972F-8312ACE53B88}.Debug|Any CPU.ActiveCfg = Debug|Any CPU
		{BE64FA2A-B172-4274-972F-8312ACE53B88}.Debug|Any CPU.Build.0 = Debug|Any CPU
		{BE64FA2A-B172-4274-972F-8312ACE53B88}.Release|Any CPU.ActiveCfg = Release|Any CPU
		{BE64FA2A-B172-4274-972F-8312ACE53B88}.Release|Any CPU.Build.0 = Release|Any CPU
		{123BD5BD-CCE9-42FA-8E14-F7D99DAB767C}.Debug|Any CPU.ActiveCfg = Debug|Any CPU
		{123BD5BD-CCE9-42FA-8E14-F7D99DAB767C}.Debug|Any CPU.Build.0 = Debug|Any CPU
		{123BD5BD-CCE9-42FA-8E14-F7D99DAB767C}.Release|Any CPU.ActiveCfg = Release|Any CPU
		{123BD5BD-CCE9-42FA-8E14-F7D99DAB767C}.Release|Any CPU.Build.0 = Release|Any CPU
		{71DF9D45-92A2-4066-9674-09F31B4DF074}.Debug|Any CPU.ActiveCfg = Debug|Any CPU
		{71DF9D45-92A2-4066-9674-09F31B4DF074}.Debug|Any CPU.Build.0 = Debug|Any CPU
		{71DF9D45-92A2-4066-9674-09F31B4DF074}.Release|Any CPU.ActiveCfg = Release|Any CPU
		{71DF9D45-92A2-4066-9674-09F31B4DF074}.Release|Any CPU.Build.0 = Release|Any CPU
		{2A7F6B5D-9128-4672-83EF-AA295674436A}.Debug|Any CPU.ActiveCfg = Debug|Any CPU
		{2A7F6B5D-9128-4672-83EF-AA295674436A}.Debug|Any CPU.Build.0 = Debug|Any CPU
		{2A7F6B5D-9128-4672-83EF-AA295674436A}.Release|Any CPU.ActiveCfg = Release|Any CPU
		{2A7F6B5D-9128-4672-83EF-AA295674436A}.Release|Any CPU.Build.0 = Release|Any CPU
		{70A0B88B-6661-457B-AEAD-C78649A01297}.Debug|Any CPU.ActiveCfg = Debug|Any CPU
		{70A0B88B-6661-457B-AEAD-C78649A01297}.Debug|Any CPU.Build.0 = Debug|Any CPU
		{70A0B88B-6661-457B-AEAD-C78649A01297}.Release|Any CPU.ActiveCfg = Release|Any CPU
		{70A0B88B-6661-457B-AEAD-C78649A01297}.Release|Any CPU.Build.0 = Release|Any CPU
		{9A12242D-FC24-4144-832F-2E65C5915A4E}.Debug|Any CPU.ActiveCfg = Debug|Any CPU
		{9A12242D-FC24-4144-832F-2E65C5915A4E}.Debug|Any CPU.Build.0 = Debug|Any CPU
		{9A12242D-FC24-4144-832F-2E65C5915A4E}.Release|Any CPU.ActiveCfg = Release|Any CPU
		{9A12242D-FC24-4144-832F-2E65C5915A4E}.Release|Any CPU.Build.0 = Release|Any CPU
		{794C309B-FB27-4622-A9DC-1C901B29C978}.Debug|Any CPU.ActiveCfg = Debug|Any CPU
		{794C309B-FB27-4622-A9DC-1C901B29C978}.Debug|Any CPU.Build.0 = Debug|Any CPU
		{794C309B-FB27-4622-A9DC-1C901B29C978}.Release|Any CPU.ActiveCfg = Release|Any CPU
		{794C309B-FB27-4622-A9DC-1C901B29C978}.Release|Any CPU.Build.0 = Release|Any CPU
		{30D2E537-3F55-41F3-B028-C4B70BF372C1}.Debug|Any CPU.ActiveCfg = Debug|Any CPU
		{30D2E537-3F55-41F3-B028-C4B70BF372C1}.Debug|Any CPU.Build.0 = Debug|Any CPU
		{30D2E537-3F55-41F3-B028-C4B70BF372C1}.Release|Any CPU.ActiveCfg = Release|Any CPU
		{30D2E537-3F55-41F3-B028-C4B70BF372C1}.Release|Any CPU.Build.0 = Release|Any CPU
		{5AE17E4C-5684-4D8C-8D78-1CBB7DA537B2}.Debug|Any CPU.ActiveCfg = Debug|Any CPU
		{5AE17E4C-5684-4D8C-8D78-1CBB7DA537B2}.Debug|Any CPU.Build.0 = Debug|Any CPU
		{5AE17E4C-5684-4D8C-8D78-1CBB7DA537B2}.Release|Any CPU.ActiveCfg = Release|Any CPU
		{5AE17E4C-5684-4D8C-8D78-1CBB7DA537B2}.Release|Any CPU.Build.0 = Release|Any CPU
		{EB304131-8D7B-4B1A-A182-6EE49AF94A38}.Debug|Any CPU.ActiveCfg = Debug|Any CPU
		{EB304131-8D7B-4B1A-A182-6EE49AF94A38}.Debug|Any CPU.Build.0 = Debug|Any CPU
		{EB304131-8D7B-4B1A-A182-6EE49AF94A38}.Release|Any CPU.ActiveCfg = Release|Any CPU
		{EB304131-8D7B-4B1A-A182-6EE49AF94A38}.Release|Any CPU.Build.0 = Release|Any CPU
		{D0FD119A-49B7-4E51-88C2-6D400359E539}.Debug|Any CPU.ActiveCfg = Debug|Any CPU
		{D0FD119A-49B7-4E51-88C2-6D400359E539}.Debug|Any CPU.Build.0 = Debug|Any CPU
		{D0FD119A-49B7-4E51-88C2-6D400359E539}.Release|Any CPU.ActiveCfg = Release|Any CPU
		{D0FD119A-49B7-4E51-88C2-6D400359E539}.Release|Any CPU.Build.0 = Release|Any CPU
	EndGlobalSection
	GlobalSection(SolutionProperties) = preSolution
		HideSolutionNode = FALSE
	EndGlobalSection
	GlobalSection(NestedProjects) = preSolution
		{E54EC395-61C8-46EC-9691-599DEC0DB063} = {5CD68A46-04BA-43DC-87AF-AC4CAC759F9C}
		{FCB852B1-B477-4CC9-AD9F-00560BE5C237} = {5CD68A46-04BA-43DC-87AF-AC4CAC759F9C}
		{716A030B-92D9-44BF-8680-D3578D52FB8C} = {5CD68A46-04BA-43DC-87AF-AC4CAC759F9C}
		{123BD5BD-CCE9-42FA-8E14-F7D99DAB767C} = {D99D365F-2C22-4390-AED3-D13FF426A6C5}
		{71DF9D45-92A2-4066-9674-09F31B4DF074} = {D99D365F-2C22-4390-AED3-D13FF426A6C5}
		{2A7F6B5D-9128-4672-83EF-AA295674436A} = {D99D365F-2C22-4390-AED3-D13FF426A6C5}
		{30D2E537-3F55-41F3-B028-C4B70BF372C1} = {F64C86E0-8D24-4AB3-86B7-48F103FBDE04}
		{5AE17E4C-5684-4D8C-8D78-1CBB7DA537B2} = {F64C86E0-8D24-4AB3-86B7-48F103FBDE04}
		{EB304131-8D7B-4B1A-A182-6EE49AF94A38} = {F64C86E0-8D24-4AB3-86B7-48F103FBDE04}
	EndGlobalSection
	GlobalSection(ExtensibilityGlobals) = postSolution
		SolutionGuid = {D83C9EE1-0747-4EFE-BF5C-7324A97D589D}
	EndGlobalSection
EndGlobal
